
Microsoft Visual Studio Solution File, Format Version 12.00
# Visual Studio Version 17
VisualStudioVersion = 17.13.35825.156 d17.13
MinimumVisualStudioVersion = 10.0.40219.1
Project("{FAE04EC0-301F-11D3-BF4B-00C04F79EFBC}") = "RM", "RM.csproj", "{0E125AAC-21E3-4338-AD17-F6282DAD7369}"
EndProject
Global
	GlobalSection(SolutionConfigurationPlatforms) = preSolution
		Debug|Any CPU = Debug|Any CPU
		Release|Any CPU = Release|Any CPU
	EndGlobalSection
	GlobalSection(ProjectConfigurationPlatforms) = postSolution
		{0E125AAC-21E3-4338-AD17-F6282DAD7369}.Debug|Any CPU.ActiveCfg = Debug|Any CPU
		{0E125AAC-21E3-4338-AD17-F6282DAD7369}.Debug|Any CPU.Build.0 = Debug|Any CPU
		{0E125AAC-21E3-4338-AD17-F6282DAD7369}.Release|Any CPU.ActiveCfg = Release|Any CPU
		{0E125AAC-21E3-4338-AD17-F6282DAD7369}.Release|Any CPU.Build.0 = Release|Any CPU
	EndGlobalSection
	GlobalSection(SolutionProperties) = preSolution
		HideSolutionNode = FALSE
	EndGlobalSection
	GlobalSection(ExtensibilityGlobals) = postSolution
		SolutionGuid = {EB355060-B12E-4531-A8A4-47F60799CCF0}
	EndGlobalSection
EndGlobal
